
Microsoft Visual Studio Solution File, Format Version 12.00
# Visual Studio Version 17
VisualStudioVersion = 17.5.33627.172
MinimumVisualStudioVersion = 10.0.40219.1
Project("{FAE04EC0-301F-11D3-BF4B-00C04F79EFBC}") = "ReadOfStream", "ReadOfStream\ReadOfStream.csproj", "{5F17E96B-418F-4A78-BA0A-A5EF0A41359C}"
EndProject
Global
	GlobalSection(SolutionConfigurationPlatforms) = preSolution
		Debug|Any CPU = Debug|Any CPU
		Release|Any CPU = Release|Any CPU
	EndGlobalSection
	GlobalSection(ProjectConfigurationPlatforms) = postSolution
		{5F17E96B-418F-4A78-BA0A-A5EF0A41359C}.Debug|Any CPU.ActiveCfg = Debug|Any CPU
		{5F17E96B-418F-4A78-BA0A-A5EF0A41359C}.Debug|Any CPU.Build.0 = Debug|Any CPU
		{5F17E96B-418F-4A78-BA0A-A5EF0A41359C}.Release|Any CPU.ActiveCfg = Release|Any CPU
		{5F17E96B-418F-4A78-BA0A-A5EF0A41359C}.Release|Any CPU.Build.0 = Release|Any CPU
	EndGlobalSection
	GlobalSection(SolutionProperties) = preSolution
		HideSolutionNode = FALSE
	EndGlobalSection
	GlobalSection(ExtensibilityGlobals) = postSolution
		SolutionGuid = {DD36F157-804B-4D0E-BA50-E8CAB7B46A16}
	EndGlobalSection
EndGlobal
